
Microsoft Visual Studio Solution File, Format Version 12.00
# Visual Studio Version 17
VisualStudioVersion = 17.0.31710.8
MinimumVisualStudioVersion = 10.0.40219.1
Project("{9A19103F-16F7-4668-BE54-9A1E7A4F7556}") = "Console.Calculator.Cliente", "Console.Calculator.Cliente\Console.Calculator.Cliente.csproj", "{7E1AA3ED-8D4B-4EC0-A1B0-BA824C37EAE7}"
EndProject
Project("{9A19103F-16F7-4668-BE54-9A1E7A4F7556}") = "Console.Calculator.Servidor", "Console.Calculator.Servidor\Console.Calculator.Servidor.csproj", "{195C1669-8EFD-42B3-AAD5-DFBC1A83A748}"
EndProject
Project("{FAE04EC0-301F-11D3-BF4B-00C04F79EFBC}") = "Console.Calculator", "Console.Calculator\Console.Calculator.csproj", "{CAF00454-8D44-43DF-967F-808766A6133D}"
EndProject
Global
	GlobalSection(SolutionConfigurationPlatforms) = preSolution
		Debug|Any CPU = Debug|Any CPU
		Release|Any CPU = Release|Any CPU
	EndGlobalSection
	GlobalSection(ProjectConfigurationPlatforms) = postSolution
		{7E1AA3ED-8D4B-4EC0-A1B0-BA824C37EAE7}.Debug|Any CPU.ActiveCfg = Debug|Any CPU
		{7E1AA3ED-8D4B-4EC0-A1B0-BA824C37EAE7}.Debug|Any CPU.Build.0 = Debug|Any CPU
		{7E1AA3ED-8D4B-4EC0-A1B0-BA824C37EAE7}.Release|Any CPU.ActiveCfg = Release|Any CPU
		{7E1AA3ED-8D4B-4EC0-A1B0-BA824C37EAE7}.Release|Any CPU.Build.0 = Release|Any CPU
		{195C1669-8EFD-42B3-AAD5-DFBC1A83A748}.Debug|Any CPU.ActiveCfg = Debug|Any CPU
		{195C1669-8EFD-42B3-AAD5-DFBC1A83A748}.Debug|Any CPU.Build.0 = Debug|Any CPU
		{195C1669-8EFD-42B3-AAD5-DFBC1A83A748}.Release|Any CPU.ActiveCfg = Release|Any CPU
		{195C1669-8EFD-42B3-AAD5-DFBC1A83A748}.Release|Any CPU.Build.0 = Release|Any CPU
		{CAF00454-8D44-43DF-967F-808766A6133D}.Debug|Any CPU.ActiveCfg = Debug|Any CPU
		{CAF00454-8D44-43DF-967F-808766A6133D}.Debug|Any CPU.Build.0 = Debug|Any CPU
		{CAF00454-8D44-43DF-967F-808766A6133D}.Release|Any CPU.ActiveCfg = Release|Any CPU
		{CAF00454-8D44-43DF-967F-808766A6133D}.Release|Any CPU.Build.0 = Release|Any CPU
	EndGlobalSection
	GlobalSection(SolutionProperties) = preSolution
		HideSolutionNode = FALSE
	EndGlobalSection
	GlobalSection(ExtensibilityGlobals) = postSolution
		SolutionGuid = {29237E84-57CB-4537-AF52-8DAAD84D6D2F}
	EndGlobalSection
EndGlobal
